
Microsoft Visual Studio Solution File, Format Version 12.00
# Visual Studio Version 17
VisualStudioVersion = 17.11.35431.28
MinimumVisualStudioVersion = 10.0.40219.1
Project("{FAE04EC0-301F-11D3-BF4B-00C04F79EFBC}") = "DrawingInConsole", "DrawingInConsole.csproj", "{EA5705E5-A0EB-4CEC-802F-44995D2869AA}"
EndProject
Global
	GlobalSection(SolutionConfigurationPlatforms) = preSolution
		Debug|Any CPU = Debug|Any CPU
		Release|Any CPU = Release|Any CPU
	EndGlobalSection
	GlobalSection(ProjectConfigurationPlatforms) = postSolution
		{EA5705E5-A0EB-4CEC-802F-44995D2869AA}.Debug|Any CPU.ActiveCfg = Debug|Any CPU
		{EA5705E5-A0EB-4CEC-802F-44995D2869AA}.Debug|Any CPU.Build.0 = Debug|Any CPU
		{EA5705E5-A0EB-4CEC-802F-44995D2869AA}.Release|Any CPU.ActiveCfg = Release|Any CPU
		{EA5705E5-A0EB-4CEC-802F-44995D2869AA}.Release|Any CPU.Build.0 = Release|Any CPU
	EndGlobalSection
	GlobalSection(SolutionProperties) = preSolution
		HideSolutionNode = FALSE
	EndGlobalSection
	GlobalSection(ExtensibilityGlobals) = postSolution
		SolutionGuid = {2B6639CD-675A-4837-A3E0-4B07189CC25B}
	EndGlobalSection
EndGlobal
